
Microsoft Visual Studio Solution File, Format Version 12.00
# Visual Studio Version 16
VisualStudioVersion = 16.0.29709.97
MinimumVisualStudioVersion = 10.0.40219.1
Project("{888888A0-9F3D-457C-B088-3A5042F75D52}") = "KURO_CHESS_AI_Blank", "KURO_CHESS_AI_Blank\KURO_CHESS_AI_Blank.pyproj", "{CBCFD987-EE3C-42E5-8EC7-AADFB10402AD}"
EndProject
Global
	GlobalSection(SolutionConfigurationPlatforms) = preSolution
		Debug|Any CPU = Debug|Any CPU
		Release|Any CPU = Release|Any CPU
	EndGlobalSection
	GlobalSection(ProjectConfigurationPlatforms) = postSolution
		{CBCFD987-EE3C-42E5-8EC7-AADFB10402AD}.Debug|Any CPU.ActiveCfg = Debug|Any CPU
		{CBCFD987-EE3C-42E5-8EC7-AADFB10402AD}.Release|Any CPU.ActiveCfg = Release|Any CPU
	EndGlobalSection
	GlobalSection(SolutionProperties) = preSolution
		HideSolutionNode = FALSE
	EndGlobalSection
	GlobalSection(ExtensibilityGlobals) = postSolution
		SolutionGuid = {B2BFA612-05A1-49D8-B6B6-31CB8918C919}
	EndGlobalSection
EndGlobal
